
Microsoft Visual Studio Solution File, Format Version 12.00
# Visual Studio Version 16
VisualStudioVersion = 16.0.31729.503
MinimumVisualStudioVersion = 10.0.40219.1
Project("{FAE04EC0-301F-11D3-BF4B-00C04F79EFBC}") = "WpfHomeWork17", "WpfHomeWork17\WpfHomeWork17.csproj", "{C4AC44AF-B9C1-4212-8031-A2A3DFA24CA6}"
EndProject
Global
	GlobalSection(SolutionConfigurationPlatforms) = preSolution
		Debug|Any CPU = Debug|Any CPU
		Release|Any CPU = Release|Any CPU
	EndGlobalSection
	GlobalSection(ProjectConfigurationPlatforms) = postSolution
		{C4AC44AF-B9C1-4212-8031-A2A3DFA24CA6}.Debug|Any CPU.ActiveCfg = Debug|Any CPU
		{C4AC44AF-B9C1-4212-8031-A2A3DFA24CA6}.Debug|Any CPU.Build.0 = Debug|Any CPU
		{C4AC44AF-B9C1-4212-8031-A2A3DFA24CA6}.Release|Any CPU.ActiveCfg = Release|Any CPU
		{C4AC44AF-B9C1-4212-8031-A2A3DFA24CA6}.Release|Any CPU.Build.0 = Release|Any CPU
	EndGlobalSection
	GlobalSection(SolutionProperties) = preSolution
		HideSolutionNode = FALSE
	EndGlobalSection
	GlobalSection(ExtensibilityGlobals) = postSolution
		SolutionGuid = {51A76E3C-7CC9-4327-BB72-FC7FB07562D9}
	EndGlobalSection
EndGlobal
